
Microsoft Visual Studio Solution File, Format Version 12.00
# Visual Studio Version 17
VisualStudioVersion = 17.7.34009.444
MinimumVisualStudioVersion = 10.0.40219.1
Project("{FAE04EC0-301F-11D3-BF4B-00C04F79EFBC}") = "ProyectoEstudio", "ProyectoEstudio\ProyectoEstudio.csproj", "{940BE933-2EB7-4E62-8B58-7475E1AFBC36}"
EndProject
Global
	GlobalSection(SolutionConfigurationPlatforms) = preSolution
		Debug|Any CPU = Debug|Any CPU
		Release|Any CPU = Release|Any CPU
	EndGlobalSection
	GlobalSection(ProjectConfigurationPlatforms) = postSolution
		{940BE933-2EB7-4E62-8B58-7475E1AFBC36}.Debug|Any CPU.ActiveCfg = Debug|Any CPU
		{940BE933-2EB7-4E62-8B58-7475E1AFBC36}.Debug|Any CPU.Build.0 = Debug|Any CPU
		{940BE933-2EB7-4E62-8B58-7475E1AFBC36}.Release|Any CPU.ActiveCfg = Release|Any CPU
		{940BE933-2EB7-4E62-8B58-7475E1AFBC36}.Release|Any CPU.Build.0 = Release|Any CPU
	EndGlobalSection
	GlobalSection(SolutionProperties) = preSolution
		HideSolutionNode = FALSE
	EndGlobalSection
	GlobalSection(ExtensibilityGlobals) = postSolution
		SolutionGuid = {B5DC1326-BEB1-4D1F-9736-2AA09F925A97}
	EndGlobalSection
EndGlobal
